# THIS IS AN AUTOGENERATED FILE. DO NOT EDIT THIS FILE DIRECTLY.
# yarn lockfile v1


"@faker-js/faker@^8.4.1":
  version "8.4.1"
  resolved "https://registry.npmjs.org/@faker-js/faker/-/faker-8.4.1.tgz"
  integrity sha512-XQ3cU+Q8Uqmrbf2e0cIC/QN43sTBSC8KF12u29Mb47tWrt2hAgBXSgpZMj4Ao8Uk0iJcU99QsOCaIL8934obCg==

"@playwright/test@^1.44.1":
  version "1.44.1"
  resolved "https://registry.npmjs.org/@playwright/test/-/test-1.44.1.tgz"
  integrity sha512-1hZ4TNvD5z9VuhNJ/walIjvMVvYkZKf71axoF/uiAqpntQJXpG64dlXhoDXE3OczPuTuvjf/M5KWFg5VAVUS3Q==
  dependencies:
    playwright "1.44.1"

"@types/node@^20.14.7":
  version "20.14.7"
  resolved "https://registry.npmjs.org/@types/node/-/node-20.14.7.tgz"
  integrity sha512-uTr2m2IbJJucF3KUxgnGOZvYbN0QgkGyWxG6973HCpMYFy2KfcgYuIwkJQMQkt1VbBMlvWRbpshFTLxnxCZjKQ==
  dependencies:
    undici-types "~5.26.4"

playwright-core@1.44.1:
  version "1.44.1"
  resolved "https://registry.npmjs.org/playwright-core/-/playwright-core-1.44.1.tgz"
  integrity sha512-wh0JWtYTrhv1+OSsLPgFzGzt67Y7BE/ZS3jEqgGBlp2ppp1ZDj8c+9IARNW4dwf1poq5MgHreEM2KV/GuR4cFA==

playwright@1.44.1:
  version "1.44.1"
  resolved "https://registry.npmjs.org/playwright/-/playwright-1.44.1.tgz"
  integrity sha512-qr/0UJ5CFAtloI3avF95Y0L1xQo6r3LQArLIg/z/PoGJ6xa+EwzrwO5lpNr/09STxdHuUoP2mvuELJS+hLdtgg==
  dependencies:
    playwright-core "1.44.1"
  optionalDependencies:
    fsevents "2.3.2"

undici-types@~5.26.4:
  version "5.26.5"
  resolved "https://registry.npmjs.org/undici-types/-/undici-types-5.26.5.tgz"
  integrity sha512-JlCMO+ehdEIKqlFxk6IfVoAUVmgz7cU7zD/h9XZ0qzeosSHmUJVOzSQvvYSYWXkFXC+IfLKSIffhv0sVZup6pA==
